NeoBundleLock ctrlp.vim 971c4d41880b72dbbf1620b3ad91418a6a6f6b9c
NeoBundleLock neobundle.vim 1306c131ff0a6cc094b7ff0727350e442b5427f1
NeoBundleLock neosnippet-snippets 415dc1a83087173e2307a6b4e3e7c86a3cfa3183
NeoBundleLock neosnippet.vim 30b6b53b7a86b84371714b4a0f092d5d303c4a35
NeoBundleLock vim-colorschemes fd8f122cef604330c96a6a6e434682dbdfb878c9
NeoBundleLock vim-fugitive 7bcfe539beee5fe8c542092732b6fd3786c6080e
NeoBundleLock vim-table-mode 659ba4f39caa38e6913f88c9f4369c00e852160f
NeoBundleLock vimshell 3787e52766812d8b99a93ccdda57517bc2a0bab6
